
Microsoft Visual Studio Solution File, Format Version 12.00
# Visual Studio Version 17
VisualStudioVersion = 17.9.34622.214
MinimumVisualStudioVersion = 10.0.40219.1
Project("{FAE04EC0-301F-11D3-BF4B-00C04F79EFBC}") = "PrimerPrograma", "PrimerPrograma\PrimerPrograma.csproj", "{3F26CD28-49B6-4A65-9568-6B30A025000E}"
EndProject
Global
	GlobalSection(SolutionConfigurationPlatforms) = preSolution
		Debug|Any CPU = Debug|Any CPU
		Release|Any CPU = Release|Any CPU
	EndGlobalSection
	GlobalSection(ProjectConfigurationPlatforms) = postSolution
		{3F26CD28-49B6-4A65-9568-6B30A025000E}.Debug|Any CPU.ActiveCfg = Debug|Any CPU
		{3F26CD28-49B6-4A65-9568-6B30A025000E}.Debug|Any CPU.Build.0 = Debug|Any CPU
		{3F26CD28-49B6-4A65-9568-6B30A025000E}.Release|Any CPU.ActiveCfg = Release|Any CPU
		{3F26CD28-49B6-4A65-9568-6B30A025000E}.Release|Any CPU.Build.0 = Release|Any CPU
	EndGlobalSection
	GlobalSection(SolutionProperties) = preSolution
		HideSolutionNode = FALSE
	EndGlobalSection
	GlobalSection(ExtensibilityGlobals) = postSolution
		SolutionGuid = {956A44FF-1435-487C-AA2C-83911CDB2CBD}
	EndGlobalSection
EndGlobal
